
Microsoft Visual Studio Solution File, Format Version 12.00
# Visual Studio Version 17
VisualStudioVersion = 17.13.35828.75
MinimumVisualStudioVersion = 10.0.40219.1
Project("{FAE04EC0-301F-11D3-BF4B-00C04F79EFBC}") = "Fantalis.Core", "Fantalis.Core\Fantalis.Core.csproj", "{33960CD4-369D-4D7C-AFE0-5B66BC524161}"
EndProject
Project("{FAE04EC0-301F-11D3-BF4B-00C04F79EFBC}") = "Fantalis.Server", "Fantalis.Server\Fantalis.Server.csproj", "{61287B33-1534-47B9-8F6D-1D600BB49CC9}"
EndProject
Project("{FAE04EC0-301F-11D3-BF4B-00C04F79EFBC}") = "Fantalis.Client", "Fantalis.Client\Fantalis.Client.csproj", "{D728C019-9C70-4389-A89F-85BE63A52D1D}"
EndProject
Global
	GlobalSection(SolutionConfigurationPlatforms) = preSolution
		Debug|Any CPU = Debug|Any CPU
		Release|Any CPU = Release|Any CPU
	EndGlobalSection
	GlobalSection(ProjectConfigurationPlatforms) = postSolution
		{33960CD4-369D-4D7C-AFE0-5B66BC524161}.Debug|Any CPU.ActiveCfg = Debug|Any CPU
		{33960CD4-369D-4D7C-AFE0-5B66BC524161}.Debug|Any CPU.Build.0 = Debug|Any CPU
		{33960CD4-369D-4D7C-AFE0-5B66BC524161}.Release|Any CPU.ActiveCfg = Release|Any CPU
		{33960CD4-369D-4D7C-AFE0-5B66BC524161}.Release|Any CPU.Build.0 = Release|Any CPU
		{61287B33-1534-47B9-8F6D-1D600BB49CC9}.Debug|Any CPU.ActiveCfg = Debug|Any CPU
		{61287B33-1534-47B9-8F6D-1D600BB49CC9}.Debug|Any CPU.Build.0 = Debug|Any CPU
		{61287B33-1534-47B9-8F6D-1D600BB49CC9}.Release|Any CPU.ActiveCfg = Release|Any CPU
		{61287B33-1534-47B9-8F6D-1D600BB49CC9}.Release|Any CPU.Build.0 = Release|Any CPU
		{D728C019-9C70-4389-A89F-85BE63A52D1D}.Debug|Any CPU.ActiveCfg = Debug|Any CPU
		{D728C019-9C70-4389-A89F-85BE63A52D1D}.Debug|Any CPU.Build.0 = Debug|Any CPU
		{D728C019-9C70-4389-A89F-85BE63A52D1D}.Release|Any CPU.ActiveCfg = Release|Any CPU
		{D728C019-9C70-4389-A89F-85BE63A52D1D}.Release|Any CPU.Build.0 = Release|Any CPU
	EndGlobalSection
	GlobalSection(SolutionProperties) = preSolution
		HideSolutionNode = FALSE
	EndGlobalSection
	GlobalSection(ExtensibilityGlobals) = postSolution
		SolutionGuid = {15DC1D1E-CECF-4F2C-A518-ECE517F7C132}
	EndGlobalSection
EndGlobal
